{
    "name": "ultratest-oracle-plugin",
    "version": "1.0.0",
    "lockfileVersion": 3,
    "requires": true,
    "packages": {
        "": {
            "name": "ultratest-oracle-plugin",
            "version": "1.0.0",
            "dependencies": {
                "@ultraos/ultratest": "../../../"
            }
        },
        "../../..": {},
        "../../../../../../ultratest2/src": {
            "extraneous": true
        },
        "node_modules/@ultraos/ultratest": {
            "resolved": "../../..",
            "link": true
        }
    }
}
