{
    "name": "ultratest-oracle-plugin",
    "version": "1.0.0",
    "lockfileVersion": 3,
    "requires": true,
    "packages": {
        "": {
            "name": "ultratest-oracle-plugin",
            "version": "1.0.0",
            "dependencies": {
                "@ultraos/ultratest": "../../..",
                "ultratest-genesis-plugin": "../../native/genesis",
                "ultratest-system-plugin": "../../native/system"
            }
        },
        "../../..": {},
        "../../../../../../ultratest2/src": {
            "extraneous": true
        },
        "../../native/genesis": {},
        "../../native/system": {},
        "../../plugins/native/genesis": {
            "extraneous": true
        },
        "../../plugins/native/system": {
            "extraneous": true
        },
        "node_modules/@ultraos/ultratest": {
            "resolved": "../../..",
            "link": true
        },
        "node_modules/ultratest-genesis-plugin": {
            "resolved": "../../native/genesis",
            "link": true
        },
        "node_modules/ultratest-system-plugin": {
            "resolved": "../../native/system",
            "link": true
        }
    }
}
