{
    "name": "tests",
    "version": "1.0.0",
    "lockfileVersion": 3,
    "requires": true,
    "packages": {
        "": {
            "name": "tests",
            "version": "1.0.0",
            "dependencies": {
                "@ultraos/ultratest": "/home/igor/ultra/ultratest2",
                "typescript": "^5.2.2",
                "ultratest-oracle-plugin": "/home/igor/ultra/ultratest2/src/plugins/custom/ultratest-oracle-plugin"
            }
        },
        "..": {
            "version": "1.0.0",
            "dependencies": {
                "@ultraos/ultratest": "^0.0.15",
                "typescript": "^5.2.2"
            }
        },
        "../../../../..": {
            "name": "@ultraos/ultratest",
            "version": "0.0.15",
            "dependencies": {
                "@ultraos/ultra-api-lib": "^1.1.0",
                "@ultraos/ultra-signer-lib": "^1.6.2",
                "@wharfkit/antelope": "^1.0.2",
                "chai": "^5.0.0",
                "chalk": "^5.3.0",
                "commander": "^11.0.0",
                "dockerode": "^4.0.0",
                "node-fetch": "^3.3.2",
                "prettier": "^3.1.0",
                "tsx": "^4.1.0",
                "typescript": "^5.2.2"
            },
            "bin": {
                "ultratest": "src/index.ts"
            },
            "devDependencies": {
                "@types/chai": "^4.3.11",
                "@types/dockerode": "^3.3.23",
                "husky": "^8.0.3"
            }
        },
        "node_modules/@ultraos/ultratest": {
            "resolved": "../../../../..",
            "link": true
        },
        "node_modules/typescript": {
            "version": "5.3.3",
            "resolved": "https://registry.npmjs.org/typescript/-/typescript-5.3.3.tgz",
            "integrity": "sha512-pXWcraxM0uxAS+tN0AG/BF2TyqmHO014Z070UsJ+pFvYuRSq8KH8DmWpnbXe0pEPDHXZV3FcAbJkijJ5oNEnWw==",
            "bin": {
                "tsc": "bin/tsc",
                "tsserver": "bin/tsserver"
            },
            "engines": {
                "node": ">=14.17"
            }
        },
        "node_modules/ultratest-oracle-plugin": {
            "resolved": "..",
            "link": true
        }
    }
}
